// !$*UTF8*$!
{
	archiveVersion = 1;
	classes = {
	};
	objectVersion = 50;
	objects = {

/* Begin PBXBuildFile section */
		45B40FE126371C7C00063E39 /* InspectableView.swift in Sources */ = {isa = PBXBuildFile; fileRef = 45B40FE026371C7C00063E39 /* InspectableView.swift */; };
		45B40FE626371DD500063E39 /* ExpandableTableCell.swift in Sources */ = {isa = PBXBuildFile; fileRef = 45B40FE526371DD500063E39 /* ExpandableTableCell.swift */; };
		45E393512636658600409093 /* AppDelegate.swift in Sources */ = {isa = PBXBuildFile; fileRef = 45E393502636658600409093 /* AppDelegate.swift */; };
		45E393532636658600409093 /* SceneDelegate.swift in Sources */ = {isa = PBXBuildFile; fileRef = 45E393522636658600409093 /* SceneDelegate.swift */; };
		45E393552636658600409093 /* HomeViewController.swift in Sources */ = {isa = PBXBuildFile; fileRef = 45E393542636658600409093 /* HomeViewController.swift */; };
		45E393582636658600409093 /* Main.storyboard in Resources */ = {isa = PBXBuildFile; fileRef = 45E393562636658600409093 /* Main.storyboard */; };
		45E3935B2636658600409093 /* GuidomiaApp.xcdatamodeld in Sources */ = {isa = PBXBuildFile; fileRef = 45E393592636658600409093 /* GuidomiaApp.xcdatamodeld */; };
		45E3935D2636658700409093 /* Assets.xcassets in Resources */ = {isa = PBXBuildFile; fileRef = 45E3935C2636658700409093 /* Assets.xcassets */; };
		45E393602636658700409093 /* LaunchScreen.storyboard in Resources */ = {isa = PBXBuildFile; fileRef = 45E3935E2636658700409093 /* LaunchScreen.storyboard */; };
		45E3936B2636658700409093 /* GuidomiaAppTests.swift in Sources */ = {isa = PBXBuildFile; fileRef = 45E3936A2636658700409093 /* GuidomiaAppTests.swift */; };
		45E393762636658700409093 /* GuidomiaAppUITests.swift in Sources */ = {isa = PBXBuildFile; fileRef = 45E393752636658700409093 /* GuidomiaAppUITests.swift */; };
		45E3939E2636676500409093 /* HomeVM.swift in Sources */ = {isa = PBXBuildFile; fileRef = 45E3939D2636676500409093 /* HomeVM.swift */; };
		45E393B226367A4600409093 /* Colors.xcassets in Resources */ = {isa = PBXBuildFile; fileRef = 45E393B126367A4500409093 /* Colors.xcassets */; };
		45E393BC2636820000409093 /* CarInfo+CoreDataClass.swift in Sources */ = {isa = PBXBuildFile; fileRef = 45E393BA2636820000409093 /* CarInfo+CoreDataClass.swift */; };
		45E393BD2636820000409093 /* CarInfo+CoreDataProperties.swift in Sources */ = {isa = PBXBuildFile; fileRef = 45E393BB2636820000409093 /* CarInfo+CoreDataProperties.swift */; };
		45E393C92636840800409093 /* car_list.json in Resources */ = {isa = PBXBuildFile; fileRef = 45E393C82636840800409093 /* car_list.json */; };
		45E393D5263684A000409093 /* HeaderTableCell.swift in Sources */ = {isa = PBXBuildFile; fileRef = 45E393D4263684A000409093 /* HeaderTableCell.swift */; };
		45E393DD263684D000409093 /* CarInfoUnexpandedTableCell.swift in Sources */ = {isa = PBXBuildFile; fileRef = 45E393DC263684D000409093 /* CarInfoUnexpandedTableCell.swift */; };
		45E393EA26368E0A00409093 /* Constants.swift in Sources */ = {isa = PBXBuildFile; fileRef = 45E393E926368E0A00409093 /* Constants.swift */; };
		45E393EF2636991000409093 /* Theme.swift in Sources */ = {isa = PBXBuildFile; fileRef = 45E393EE2636991000409093 /* Theme.swift */; };
		45E92B632636A6CC00566C11 /* CarInfo_Base.swift in Sources */ = {isa = PBXBuildFile; fileRef = 45E92B622636A6CC00566C11 /* CarInfo_Base.swift */; };
		45E92B6B2636A99300566C11 /* Extensions.swift in Sources */ = {isa = PBXBuildFile; fileRef = 45E92B6A2636A99300566C11 /* Extensions.swift */; };
/* End PBXBuildFile section */

/* Begin PBXContainerItemProxy section */
		45E393672636658700409093 /* PBXContainerItemProxy */ = {
			isa = PBXContainerItemProxy;
			containerPortal = 45E393452636658600409093 /* Project object */;
			proxyType = 1;
			remoteGlobalIDString = 45E3934C2636658600409093;
			remoteInfo = GuidomiaApp;
		};
		45E393722636658700409093 /* PBXContainerItemProxy */ = {
			isa = PBXContainerItemProxy;
			containerPortal = 45E393452636658600409093 /* Project object */;
			proxyType = 1;
			remoteGlobalIDString = 45E3934C2636658600409093;
			remoteInfo = GuidomiaApp;
		};
/* End PBXContainerItemProxy section */

/* Begin PBXFileReference section */
		45B40FE026371C7C00063E39 /* InspectableView.swift */ = {isa = PBXFileReference; lastKnownFileType = sourcecode.swift; path = InspectableView.swift; sourceTree = "<group>"; };
		45B40FE526371DD500063E39 /* ExpandableTableCell.swift */ = {isa = PBXFileReference; lastKnownFileType = sourcecode.swift; path = ExpandableTableCell.swift; sourceTree = "<group>"; };
		45E3934D2636658600409093 /* GuidomiaApp.app */ = {isa = PBXFileReference; explicitFileType = wrapper.application; includeInIndex = 0; path = GuidomiaApp.app; sourceTree = BUILT_PRODUCTS_DIR; };
		45E393502636658600409093 /* AppDelegate.swift */ = {isa = PBXFileReference; lastKnownFileType = sourcecode.swift; path = AppDelegate.swift; sourceTree = "<group>"; };
		45E393522636658600409093 /* SceneDelegate.swift */ = {isa = PBXFileReference; lastKnownFileType = sourcecode.swift; path = SceneDelegate.swift; sourceTree = "<group>"; };
		45E393542636658600409093 /* HomeViewController.swift */ = {isa = PBXFileReference; lastKnownFileType = sourcecode.swift; path = HomeViewController.swift; sourceTree = "<group>"; };
		45E393572636658600409093 /* Base */ = {isa = PBXFileReference; lastKnownFileType = file.storyboard; name = Base; path = Base.lproj/Main.storyboard; sourceTree = "<group>"; };
		45E3935A2636658600409093 /* GuidomiaApp.xcdatamodel */ = {isa = PBXFileReference; lastKnownFileType = wrapper.xcdatamodel; path = GuidomiaApp.xcdatamodel; sourceTree = "<group>"; };
		45E3935C2636658700409093 /* Assets.xcassets */ = {isa = PBXFileReference; lastKnownFileType = folder.assetcatalog; path = Assets.xcassets; sourceTree = "<group>"; };
		45E3935F2636658700409093 /* Base */ = {isa = PBXFileReference; lastKnownFileType = file.storyboard; name = Base; path = Base.lproj/LaunchScreen.storyboard; sourceTree = "<group>"; };
		45E393612636658700409093 /* Info.plist */ = {isa = PBXFileReference; lastKnownFileType = text.plist.xml; path = Info.plist; sourceTree = "<group>"; };
		45E393662636658700409093 /* GuidomiaAppTests.xctest */ = {isa = PBXFileReference; explicitFileType = wrapper.cfbundle; includeInIndex = 0; path = GuidomiaAppTests.xctest; sourceTree = BUILT_PRODUCTS_DIR; };
		45E3936A2636658700409093 /* GuidomiaAppTests.swift */ = {isa = PBXFileReference; lastKnownFileType = sourcecode.swift; path = GuidomiaAppTests.swift; sourceTree = "<group>"; };
		45E3936C2636658700409093 /* Info.plist */ = {isa = PBXFileReference; lastKnownFileType = text.plist.xml; path = Info.plist; sourceTree = "<group>"; };
		45E393712636658700409093 /* GuidomiaAppUITests.xctest */ = {isa = PBXFileReference; explicitFileType = wrapper.cfbundle; includeInIndex = 0; path = GuidomiaAppUITests.xctest; sourceTree = BUILT_PRODUCTS_DIR; };
		45E393752636658700409093 /* GuidomiaAppUITests.swift */ = {isa = PBXFileReference; lastKnownFileType = sourcecode.swift; path = GuidomiaAppUITests.swift; sourceTree = "<group>"; };
		45E393772636658700409093 /* Info.plist */ = {isa = PBXFileReference; lastKnownFileType = text.plist.xml; path = Info.plist; sourceTree = "<group>"; };
		45E3939D2636676500409093 /* HomeVM.swift */ = {isa = PBXFileReference; lastKnownFileType = sourcecode.swift; path = HomeVM.swift; sourceTree = "<group>"; };
		45E393B126367A4500409093 /* Colors.xcassets */ = {isa = PBXFileReference; lastKnownFileType = folder.assetcatalog; path = Colors.xcassets; sourceTree = "<group>"; };
		45E393BA2636820000409093 /* CarInfo+CoreDataClass.swift */ = {isa = PBXFileReference; lastKnownFileType = sourcecode.swift; path = "CarInfo+CoreDataClass.swift"; sourceTree = "<group>"; };
		45E393BB2636820000409093 /* CarInfo+CoreDataProperties.swift */ = {isa = PBXFileReference; lastKnownFileType = sourcecode.swift; path = "CarInfo+CoreDataProperties.swift"; sourceTree = "<group>"; };
		45E393C82636840800409093 /* car_list.json */ = {isa = PBXFileReference; fileEncoding = 4; lastKnownFileType = text.json; path = car_list.json; sourceTree = "<group>"; };
		45E393D4263684A000409093 /* HeaderTableCell.swift */ = {isa = PBXFileReference; lastKnownFileType = sourcecode.swift; path = HeaderTableCell.swift; sourceTree = "<group>"; };
		45E393DC263684D000409093 /* CarInfoUnexpandedTableCell.swift */ = {isa = PBXFileReference; lastKnownFileType = sourcecode.swift; path = CarInfoUnexpandedTableCell.swift; sourceTree = "<group>"; };
		45E393E926368E0A00409093 /* Constants.swift */ = {isa = PBXFileReference; lastKnownFileType = sourcecode.swift; path = Constants.swift; sourceTree = "<group>"; };
		45E393EE2636991000409093 /* Theme.swift */ = {isa = PBXFileReference; lastKnownFileType = sourcecode.swift; path = Theme.swift; sourceTree = "<group>"; };
		45E92B622636A6CC00566C11 /* CarInfo_Base.swift */ = {isa = PBXFileReference; fileEncoding = 4; lastKnownFileType = sourcecode.swift; name = CarInfo_Base.swift; path = ../../../../../Downloads/CarInfo_Base.swift; sourceTree = "<group>"; };
		45E92B6A2636A99300566C11 /* Extensions.swift */ = {isa = PBXFileReference; lastKnownFileType = sourcecode.swift; path = Extensions.swift; sourceTree = "<group>"; };
/* End PBXFileReference section */

/* Begin PBXFrameworksBuildPhase section */
		45E3934A2636658600409093 /* Frameworks */ = {
			isa = PBXFrameworksBuildPhase;
			buildActionMask = 2147483647;
			files = (
			);
			runOnlyForDeploymentPostprocessing = 0;
		};
		45E393632636658700409093 /* Frameworks */ = {
			isa = PBXFrameworksBuildPhase;
			buildActionMask = 2147483647;
			files = (
			);
			runOnlyForDeploymentPostprocessing = 0;
		};
		45E3936E2636658700409093 /* Frameworks */ = {
			isa = PBXFrameworksBuildPhase;
			buildActionMask = 2147483647;
			files = (
			);
			runOnlyForDeploymentPostprocessing = 0;
		};
/* End PBXFrameworksBuildPhase section */

/* Begin PBXGroup section */
		45E393442636658600409093 = {
			isa = PBXGroup;
			children = (
				45E3934F2636658600409093 /* GuidomiaApp */,
				45E393692636658700409093 /* GuidomiaAppTests */,
				45E393742636658700409093 /* GuidomiaAppUITests */,
				45E3934E2636658600409093 /* Products */,
			);
			sourceTree = "<group>";
		};
		45E3934E2636658600409093 /* Products */ = {
			isa = PBXGroup;
			children = (
				45E3934D2636658600409093 /* GuidomiaApp.app */,
				45E393662636658700409093 /* GuidomiaAppTests.xctest */,
				45E393712636658700409093 /* GuidomiaAppUITests.xctest */,
			);
			name = Products;
			sourceTree = "<group>";
		};
		45E3934F2636658600409093 /* GuidomiaApp */ = {
			isa = PBXGroup;
			children = (
				45E393C7263683D700409093 /* Json */,
				45E394082636A68C00409093 /* Json Models */,
				45E393B8263681E300409093 /* Coredata Models */,
				45E393D32636848A00409093 /* Tablecells */,
				45E393A8263667A100409093 /* Helpers */,
				45E393952636673E00409093 /* Startup */,
				45E3939C2636674F00409093 /* View Controllers */,
				45E393A52636676A00409093 /* View Models */,
				45E393562636658600409093 /* Main.storyboard */,
				45E393A62636677700409093 /* Resources */,
				45E393A9263667B300409093 /* Supporting Files */,
				45E393592636658600409093 /* GuidomiaApp.xcdatamodeld */,
			);
			path = GuidomiaApp;
			sourceTree = "<group>";
		};
		45E393692636658700409093 /* GuidomiaAppTests */ = {
			isa = PBXGroup;
			children = (
				45E3936A2636658700409093 /* GuidomiaAppTests.swift */,
				45E3936C2636658700409093 /* Info.plist */,
			);
			path = GuidomiaAppTests;
			sourceTree = "<group>";
		};
		45E393742636658700409093 /* GuidomiaAppUITests */ = {
			isa = PBXGroup;
			children = (
				45E393752636658700409093 /* GuidomiaAppUITests.swift */,
				45E393772636658700409093 /* Info.plist */,
			);
			path = GuidomiaAppUITests;
			sourceTree = "<group>";
		};
		45E393952636673E00409093 /* Startup */ = {
			isa = PBXGroup;
			children = (
				45E393502636658600409093 /* AppDelegate.swift */,
				45E393522636658600409093 /* SceneDelegate.swift */,
			);
			path = Startup;
			sourceTree = "<group>";
		};
		45E3939C2636674F00409093 /* View Controllers */ = {
			isa = PBXGroup;
			children = (
				45E393542636658600409093 /* HomeViewController.swift */,
			);
			path = "View Controllers";
			sourceTree = "<group>";
		};
		45E393A52636676A00409093 /* View Models */ = {
			isa = PBXGroup;
			children = (
				45E3939D2636676500409093 /* HomeVM.swift */,
			);
			path = "View Models";
			sourceTree = "<group>";
		};
		45E393A62636677700409093 /* Resources */ = {
			isa = PBXGroup;
			children = (
				45E393B126367A4500409093 /* Colors.xcassets */,
				45E3935C2636658700409093 /* Assets.xcassets */,
				45E393EE2636991000409093 /* Theme.swift */,
			);
			path = Resources;
			sourceTree = "<group>";
		};
		45E393A8263667A100409093 /* Helpers */ = {
			isa = PBXGroup;
			children = (
				45E393E926368E0A00409093 /* Constants.swift */,
				45E92B6A2636A99300566C11 /* Extensions.swift */,
				45B40FE026371C7C00063E39 /* InspectableView.swift */,
			);
			path = Helpers;
			sourceTree = "<group>";
		};
		45E393A9263667B300409093 /* Supporting Files */ = {
			isa = PBXGroup;
			children = (
				45E3935E2636658700409093 /* LaunchScreen.storyboard */,
				45E393612636658700409093 /* Info.plist */,
			);
			path = "Supporting Files";
			sourceTree = "<group>";
		};
		45E393B8263681E300409093 /* Coredata Models */ = {
			isa = PBXGroup;
			children = (
				45E393B9263681EA00409093 /* CarInfo */,
			);
			path = "Coredata Models";
			sourceTree = "<group>";
		};
		45E393B9263681EA00409093 /* CarInfo */ = {
			isa = PBXGroup;
			children = (
				45E393BA2636820000409093 /* CarInfo+CoreDataClass.swift */,
				45E393BB2636820000409093 /* CarInfo+CoreDataProperties.swift */,
			);
			path = CarInfo;
			sourceTree = "<group>";
		};
		45E393C7263683D700409093 /* Json */ = {
			isa = PBXGroup;
			children = (
				45E393C82636840800409093 /* car_list.json */,
			);
			path = Json;
			sourceTree = "<group>";
		};
		45E393D32636848A00409093 /* Tablecells */ = {
			isa = PBXGroup;
			children = (
				45E393D4263684A000409093 /* HeaderTableCell.swift */,
				45E393DC263684D000409093 /* CarInfoUnexpandedTableCell.swift */,
				45B40FE526371DD500063E39 /* ExpandableTableCell.swift */,
			);
			path = Tablecells;
			sourceTree = "<group>";
		};
		45E394082636A68C00409093 /* Json Models */ = {
			isa = PBXGroup;
			children = (
				45E92B622636A6CC00566C11 /* CarInfo_Base.swift */,
			);
			path = "Json Models";
			sourceTree = "<group>";
		};
/* End PBXGroup section */

/* Begin PBXNativeTarget section */
		45E3934C2636658600409093 /* GuidomiaApp */ = {
			isa = PBXNativeTarget;
			buildConfigurationList = 45E3937A2636658700409093 /* Build configuration list for PBXNativeTarget "GuidomiaApp" */;
			buildPhases = (
				45E393492636658600409093 /* Sources */,
				45E3934A2636658600409093 /* Frameworks */,
				45E3934B2636658600409093 /* Resources */,
			);
			buildRules = (
			);
			dependencies = (
			);
			name = GuidomiaApp;
			productName = GuidomiaApp;
			productReference = 45E3934D2636658600409093 /* GuidomiaApp.app */;
			productType = "com.apple.product-type.application";
		};
		45E393652636658700409093 /* GuidomiaAppTests */ = {
			isa = PBXNativeTarget;
			buildConfigurationList = 45E3937D2636658700409093 /* Build configuration list for PBXNativeTarget "GuidomiaAppTests" */;
			buildPhases = (
				45E393622636658700409093 /* Sources */,
				45E393632636658700409093 /* Frameworks */,
				45E393642636658700409093 /* Resources */,
			);
			buildRules = (
			);
			dependencies = (
				45E393682636658700409093 /* PBXTargetDependency */,
			);
			name = GuidomiaAppTests;
			productName = GuidomiaAppTests;
			productReference = 45E393662636658700409093 /* GuidomiaAppTests.xctest */;
			productType = "com.apple.product-type.bundle.unit-test";
		};
		45E393702636658700409093 /* GuidomiaAppUITests */ = {
			isa = PBXNativeTarget;
			buildConfigurationList = 45E393802636658700409093 /* Build configuration list for PBXNativeTarget "GuidomiaAppUITests" */;
			buildPhases = (
				45E3936D2636658700409093 /* Sources */,
				45E3936E2636658700409093 /* Frameworks */,
				45E3936F2636658700409093 /* Resources */,
			);
			buildRules = (
			);
			dependencies = (
				45E393732636658700409093 /* PBXTargetDependency */,
			);
			name = GuidomiaAppUITests;
			productName = GuidomiaAppUITests;
			productReference = 45E393712636658700409093 /* GuidomiaAppUITests.xctest */;
			productType = "com.apple.product-type.bundle.ui-testing";
		};
/* End PBXNativeTarget section */

/* Begin PBXProject section */
		45E393452636658600409093 /* Project object */ = {
			isa = PBXProject;
			attributes = {
				LastSwiftUpdateCheck = 1240;
				LastUpgradeCheck = 1240;
				TargetAttributes = {
					45E3934C2636658600409093 = {
						CreatedOnToolsVersion = 12.4;
					};
					45E393652636658700409093 = {
						CreatedOnToolsVersion = 12.4;
						TestTargetID = 45E3934C2636658600409093;
					};
					45E393702636658700409093 = {
						CreatedOnToolsVersion = 12.4;
						TestTargetID = 45E3934C2636658600409093;
					};
				};
			};
			buildConfigurationList = 45E393482636658600409093 /* Build configuration list for PBXProject "GuidomiaApp" */;
			compatibilityVersion = "Xcode 9.3";
			developmentRegion = en;
			hasScannedForEncodings = 0;
			knownRegions = (
				en,
				Base,
			);
			mainGroup = 45E393442636658600409093;
			productRefGroup = 45E3934E2636658600409093 /* Products */;
			projectDirPath = "";
			projectRoot = "";
			targets = (
				45E3934C2636658600409093 /* GuidomiaApp */,
				45E393652636658700409093 /* GuidomiaAppTests */,
				45E393702636658700409093 /* GuidomiaAppUITests */,
			);
		};
/* End PBXProject section */

/* Begin PBXResourcesBuildPhase section */
		45E3934B2636658600409093 /* Resources */ = {
			isa = PBXResourcesBuildPhase;
			buildActionMask = 2147483647;
			files = (
				45E393602636658700409093 /* LaunchScreen.storyboard in Resources */,
				45E393B226367A4600409093 /* Colors.xcassets in Resources */,
				45E3935D2636658700409093 /* Assets.xcassets in Resources */,
				45E393582636658600409093 /* Main.storyboard in Resources */,
				45E393C92636840800409093 /* car_list.json in Resources */,
			);
			runOnlyForDeploymentPostprocessing = 0;
		};
		45E393642636658700409093 /* Resources */ = {
			isa = PBXResourcesBuildPhase;
			buildActionMask = 2147483647;
			files = (
			);
			runOnlyForDeploymentPostprocessing = 0;
		};
		45E3936F2636658700409093 /* Resources */ = {
			isa = PBXResourcesBuildPhase;
			buildActionMask = 2147483647;
			files = (
			);
			runOnlyForDeploymentPostprocessing = 0;
		};
/* End PBXResourcesBuildPhase section */

/* Begin PBXSourcesBuildPhase section */
		45E393492636658600409093 /* Sources */ = {
			isa = PBXSourcesBuildPhase;
			buildActionMask = 2147483647;
			files = (
				45E3935B2636658600409093 /* GuidomiaApp.xcdatamodeld in Sources */,
				45E393EA26368E0A00409093 /* Constants.swift in Sources */,
				45E393D5263684A000409093 /* HeaderTableCell.swift in Sources */,
				45E3939E2636676500409093 /* HomeVM.swift in Sources */,
				45E393DD263684D000409093 /* CarInfoUnexpandedTableCell.swift in Sources */,
				45E393552636658600409093 /* HomeViewController.swift in Sources */,
				45E393BD2636820000409093 /* CarInfo+CoreDataProperties.swift in Sources */,
				45B40FE626371DD500063E39 /* ExpandableTableCell.swift in Sources */,
				45E92B632636A6CC00566C11 /* CarInfo_Base.swift in Sources */,
				45E393512636658600409093 /* AppDelegate.swift in Sources */,
				45B40FE126371C7C00063E39 /* InspectableView.swift in Sources */,
				45E393BC2636820000409093 /* CarInfo+CoreDataClass.swift in Sources */,
				45E393EF2636991000409093 /* Theme.swift in Sources */,
				45E393532636658600409093 /* SceneDelegate.swift in Sources */,
				45E92B6B2636A99300566C11 /* Extensions.swift in Sources */,
			);
			runOnlyForDeploymentPostprocessing = 0;
		};
		45E393622636658700409093 /* Sources */ = {
			isa = PBXSourcesBuildPhase;
			buildActionMask = 2147483647;
			files = (
				45E3936B2636658700409093 /* GuidomiaAppTests.swift in Sources */,
			);
			runOnlyForDeploymentPostprocessing = 0;
		};
		45E3936D2636658700409093 /* Sources */ = {
			isa = PBXSourcesBuildPhase;
			buildActionMask = 2147483647;
			files = (
				45E393762636658700409093 /* GuidomiaAppUITests.swift in Sources */,
			);
			runOnlyForDeploymentPostprocessing = 0;
		};
/* End PBXSourcesBuildPhase section */

/* Begin PBXTargetDependency section */
		45E393682636658700409093 /* PBXTargetDependency */ = {
			isa = PBXTargetDependency;
			target = 45E3934C2636658600409093 /* GuidomiaApp */;
			targetProxy = 45E393672636658700409093 /* PBXContainerItemProxy */;
		};
		45E393732636658700409093 /* PBXTargetDependency */ = {
			isa = PBXTargetDependency;
			target = 45E3934C2636658600409093 /* GuidomiaApp */;
			targetProxy = 45E393722636658700409093 /* PBXContainerItemProxy */;
		};
/* End PBXTargetDependency section */

/* Begin PBXVariantGroup section */
		45E393562636658600409093 /* Main.storyboard */ = {
			isa = PBXVariantGroup;
			children = (
				45E393572636658600409093 /* Base */,
			);
			name = Main.storyboard;
			sourceTree = "<group>";
		};
		45E3935E2636658700409093 /* LaunchScreen.storyboard */ = {
			isa = PBXVariantGroup;
			children = (
				45E3935F2636658700409093 /* Base */,
			);
			name = LaunchScreen.storyboard;
			sourceTree = "<group>";
		};
/* End PBXVariantGroup section */

/* Begin XCBuildConfiguration section */
		45E393782636658700409093 /* Debug */ = {
			isa = XCBuildConfiguration;
			buildSettings = {
				ALWAYS_SEARCH_USER_PATHS = NO;
				CLANG_ANALYZER_NONNULL = YES;
				CLANG_ANALYZER_NUMBER_OBJECT_CONVERSION = YES_AGGRESSIVE;
				CLANG_CXX_LANGUAGE_STANDARD = "gnu++14";
				CLANG_CXX_LIBRARY = "libc++";
				CLANG_ENABLE_MODULES = YES;
				CLANG_ENABLE_OBJC_ARC = YES;
				CLANG_ENABLE_OBJC_WEAK = YES;
				CLANG_WARN_BLOCK_CAPTURE_AUTORELEASING = YES;
				CLANG_WARN_BOOL_CONVERSION = YES;
				CLANG_WARN_COMMA = YES;
				CLANG_WARN_CONSTANT_CONVERSION = YES;
				CLANG_WARN_DEPRECATED_OBJC_IMPLEMENTATIONS = YES;
				CLANG_WARN_DIRECT_OBJC_ISA_USAGE = YES_ERROR;
				CLANG_WARN_DOCUMENTATION_COMMENTS = YES;
				CLANG_WARN_EMPTY_BODY = YES;
				CLANG_WARN_ENUM_CONVERSION = YES;
				CLANG_WARN_INFINITE_RECURSION = YES;
				CLANG_WARN_INT_CONVERSION = YES;
				CLANG_WARN_NON_LITERAL_NULL_CONVERSION = YES;
				CLANG_WARN_OBJC_IMPLICIT_RETAIN_SELF = YES;
				CLANG_WARN_OBJC_LITERAL_CONVERSION = YES;
				CLANG_WARN_OBJC_ROOT_CLASS = YES_ERROR;
				CLANG_WARN_QUOTED_INCLUDE_IN_FRAMEWORK_HEADER = YES;
				CLANG_WARN_RANGE_LOOP_ANALYSIS = YES;
				CLANG_WARN_STRICT_PROTOTYPES = YES;
				CLANG_WARN_SUSPICIOUS_MOVE = YES;
				CLANG_WARN_UNGUARDED_AVAILABILITY = YES_AGGRESSIVE;
				CLANG_WARN_UNREACHABLE_CODE = YES;
				CLANG_WARN__DUPLICATE_METHOD_MATCH = YES;
				COPY_PHASE_STRIP = NO;
				DEBUG_INFORMATION_FORMAT = dwarf;
				ENABLE_STRICT_OBJC_MSGSEND = YES;
				ENABLE_TESTABILITY = YES;
				GCC_C_LANGUAGE_STANDARD = gnu11;
				GCC_DYNAMIC_NO_PIC = NO;
				GCC_NO_COMMON_BLOCKS = YES;
				GCC_OPTIMIZATION_LEVEL = 0;
				GCC_PREPROCESSOR_DEFINITIONS = (
					"DEBUG=1",
					"$(inherited)",
				);
				GCC_WARN_64_TO_32_BIT_CONVERSION = YES;
				GCC_WARN_ABOUT_RETURN_TYPE = YES_ERROR;
				GCC_WARN_UNDECLARED_SELECTOR = YES;
				GCC_WARN_UNINITIALIZED_AUTOS = YES_AGGRESSIVE;
				GCC_WARN_UNUSED_FUNCTION = YES;
				GCC_WARN_UNUSED_VARIABLE = YES;
				IPHONEOS_DEPLOYMENT_TARGET = 13.0;
				MTL_ENABLE_DEBUG_INFO = INCLUDE_SOURCE;
				MTL_FAST_MATH = YES;
				ONLY_ACTIVE_ARCH = YES;
				SDKROOT = iphoneos;
				SWIFT_ACTIVE_COMPILATION_CONDITIONS = DEBUG;
				SWIFT_OPTIMIZATION_LEVEL = "-Onone";
			};
			name = Debug;
		};
		45E393792636658700409093 /* Release */ = {
			isa = XCBuildConfiguration;
			buildSettings = {
				ALWAYS_SEARCH_USER_PATHS = NO;
				CLANG_ANALYZER_NONNULL = YES;
				CLANG_ANALYZER_NUMBER_OBJECT_CONVERSION = YES_AGGRESSIVE;
				CLANG_CXX_LANGUAGE_STANDARD = "gnu++14";
				CLANG_CXX_LIBRARY = "libc++";
				CLANG_ENABLE_MODULES = YES;
				CLANG_ENABLE_OBJC_ARC = YES;
				CLANG_ENABLE_OBJC_WEAK = YES;
				CLANG_WARN_BLOCK_CAPTURE_AUTORELEASING = YES;
				CLANG_WARN_BOOL_CONVERSION = YES;
				CLANG_WARN_COMMA = YES;
				CLANG_WARN_CONSTANT_CONVERSION = YES;
				CLANG_WARN_DEPRECATED_OBJC_IMPLEMENTATIONS = YES;
				CLANG_WARN_DIRECT_OBJC_ISA_USAGE = YES_ERROR;
				CLANG_WARN_DOCUMENTATION_COMMENTS = YES;
				CLANG_WARN_EMPTY_BODY = YES;
				CLANG_WARN_ENUM_CONVERSION = YES;
				CLANG_WARN_INFINITE_RECURSION = YES;
				CLANG_WARN_INT_CONVERSION = YES;
				CLANG_WARN_NON_LITERAL_NULL_CONVERSION = YES;
				CLANG_WARN_OBJC_IMPLICIT_RETAIN_SELF = YES;
				CLANG_WARN_OBJC_LITERAL_CONVERSION = YES;
				CLANG_WARN_OBJC_ROOT_CLASS = YES_ERROR;
				CLANG_WARN_QUOTED_INCLUDE_IN_FRAMEWORK_HEADER = YES;
				CLANG_WARN_RANGE_LOOP_ANALYSIS = YES;
				CLANG_WARN_STRICT_PROTOTYPES = YES;
				CLANG_WARN_SUSPICIOUS_MOVE = YES;
				CLANG_WARN_UNGUARDED_AVAILABILITY = YES_AGGRESSIVE;
				CLANG_WARN_UNREACHABLE_CODE = YES;
				CLANG_WARN__DUPLICATE_METHOD_MATCH = YES;
				COPY_PHASE_STRIP = NO;
				DEBUG_INFORMATION_FORMAT = "dwarf-with-dsym";
				ENABLE_NS_ASSERTIONS = NO;
				ENABLE_STRICT_OBJC_MSGSEND = YES;
				GCC_C_LANGUAGE_STANDARD = gnu11;
				GCC_NO_COMMON_BLOCKS = YES;
				GCC_WARN_64_TO_32_BIT_CONVERSION = YES;
				GCC_WARN_ABOUT_RETURN_TYPE = YES_ERROR;
				GCC_WARN_UNDECLARED_SELECTOR = YES;
				GCC_WARN_UNINITIALIZED_AUTOS = YES_AGGRESSIVE;
				GCC_WARN_UNUSED_FUNCTION = YES;
				GCC_WARN_UNUSED_VARIABLE = YES;
				IPHONEOS_DEPLOYMENT_TARGET = 13.0;
				MTL_ENABLE_DEBUG_INFO = NO;
				MTL_FAST_MATH = YES;
				SDKROOT = iphoneos;
				SWIFT_COMPILATION_MODE = wholemodule;
				SWIFT_OPTIMIZATION_LEVEL = "-O";
				VALIDATE_PRODUCT = YES;
			};
			name = Release;
		};
		45E3937B2636658700409093 /* Debug */ = {
			isa = XCBuildConfiguration;
			buildSettings = {
				ASSETCATALOG_COMPILER_APPICON_NAME = AppIcon;
				ASSETCATALOG_COMPILER_GLOBAL_ACCENT_COLOR_NAME = AccentColor;
				CODE_SIGN_STYLE = Automatic;
				INFOPLIST_FILE = "$(SRCROOT)/GuidomiaApp/Supporting Files/Info.plist";
				IPHONEOS_DEPLOYMENT_TARGET = 13.0;
				LD_RUNPATH_SEARCH_PATHS = (
					"$(inherited)",
					"@executable_path/Frameworks",
				);
				PRODUCT_BUNDLE_IDENTIFIER = com.test.GuidomiaApp;
				PRODUCT_NAME = "$(TARGET_NAME)";
				SWIFT_VERSION = 5.0;
				TARGETED_DEVICE_FAMILY = 1;
			};
			name = Debug;
		};
		45E3937C2636658700409093 /* Release */ = {
			isa = XCBuildConfiguration;
			buildSettings = {
				ASSETCATALOG_COMPILER_APPICON_NAME = AppIcon;
				ASSETCATALOG_COMPILER_GLOBAL_ACCENT_COLOR_NAME = AccentColor;
				CODE_SIGN_STYLE = Automatic;
				INFOPLIST_FILE = "$(SRCROOT)/GuidomiaApp/Supporting Files/Info.plist";
				IPHONEOS_DEPLOYMENT_TARGET = 13.0;
				LD_RUNPATH_SEARCH_PATHS = (
					"$(inherited)",
					"@executable_path/Frameworks",
				);
				PRODUCT_BUNDLE_IDENTIFIER = com.test.GuidomiaApp;
				PRODUCT_NAME = "$(TARGET_NAME)";
				SWIFT_VERSION = 5.0;
				TARGETED_DEVICE_FAMILY = 1;
			};
			name = Release;
		};
		45E3937E2636658700409093 /* Debug */ = {
			isa = XCBuildConfiguration;
			buildSettings = {
				ALWAYS_EMBED_SWIFT_STANDARD_LIBRARIES = YES;
				BUNDLE_LOADER = "$(TEST_HOST)";
				CODE_SIGN_STYLE = Automatic;
				INFOPLIST_FILE = GuidomiaAppTests/Info.plist;
				IPHONEOS_DEPLOYMENT_TARGET = 14.4;
				LD_RUNPATH_SEARCH_PATHS = (
					"$(inherited)",
					"@executable_path/Frameworks",
					"@loader_path/Frameworks",
				);
				PRODUCT_BUNDLE_IDENTIFIER = com.test.GuidomiaAppTests;
				PRODUCT_NAME = "$(TARGET_NAME)";
				SWIFT_VERSION = 5.0;
				TARGETED_DEVICE_FAMILY = "1,2";
				TEST_HOST = "$(BUILT_PRODUCTS_DIR)/GuidomiaApp.app/GuidomiaApp";
			};
			name = Debug;
		};
		45E3937F2636658700409093 /* Release */ = {
			isa = XCBuildConfiguration;
			buildSettings = {
				ALWAYS_EMBED_SWIFT_STANDARD_LIBRARIES = YES;
				BUNDLE_LOADER = "$(TEST_HOST)";
				CODE_SIGN_STYLE = Automatic;
				INFOPLIST_FILE = GuidomiaAppTests/Info.plist;
				IPHONEOS_DEPLOYMENT_TARGET = 14.4;
				LD_RUNPATH_SEARCH_PATHS = (
					"$(inherited)",
					"@executable_path/Frameworks",
					"@loader_path/Frameworks",
				);
				PRODUCT_BUNDLE_IDENTIFIER = com.test.GuidomiaAppTests;
				PRODUCT_NAME = "$(TARGET_NAME)";
				SWIFT_VERSION = 5.0;
				TARGETED_DEVICE_FAMILY = "1,2";
				TEST_HOST = "$(BUILT_PRODUCTS_DIR)/GuidomiaApp.app/GuidomiaApp";
			};
			name = Release;
		};
		45E393812636658700409093 /* Debug */ = {
			isa = XCBuildConfiguration;
			buildSettings = {
				ALWAYS_EMBED_SWIFT_STANDARD_LIBRARIES = YES;
				CODE_SIGN_STYLE = Automatic;
				INFOPLIST_FILE = GuidomiaAppUITests/Info.plist;
				LD_RUNPATH_SEARCH_PATHS = (
					"$(inherited)",
					"@executable_path/Frameworks",
					"@loader_path/Frameworks",
				);
				PRODUCT_BUNDLE_IDENTIFIER = com.test.GuidomiaAppUITests;
				PRODUCT_NAME = "$(TARGET_NAME)";
				SWIFT_VERSION = 5.0;
				TARGETED_DEVICE_FAMILY = "1,2";
				TEST_TARGET_NAME = GuidomiaApp;
			};
			name = Debug;
		};
		45E393822636658700409093 /* Release */ = {
			isa = XCBuildConfiguration;
			buildSettings = {
				ALWAYS_EMBED_SWIFT_STANDARD_LIBRARIES = YES;
				CODE_SIGN_STYLE = Automatic;
				INFOPLIST_FILE = GuidomiaAppUITests/Info.plist;
				LD_RUNPATH_SEARCH_PATHS = (
					"$(inherited)",
					"@executable_path/Frameworks",
					"@loader_path/Frameworks",
				);
				PRODUCT_BUNDLE_IDENTIFIER = com.test.GuidomiaAppUITests;
				PRODUCT_NAME = "$(TARGET_NAME)";
				SWIFT_VERSION = 5.0;
				TARGETED_DEVICE_FAMILY = "1,2";
				TEST_TARGET_NAME = GuidomiaApp;
			};
			name = Release;
		};
/* End XCBuildConfiguration section */

/* Begin XCConfigurationList section */
		45E393482636658600409093 /* Build configuration list for PBXProject "GuidomiaApp" */ = {
			isa = XCConfigurationList;
			buildConfigurations = (
				45E393782636658700409093 /* Debug */,
				45E393792636658700409093 /* Release */,
			);
			defaultConfigurationIsVisible = 0;
			defaultConfigurationName = Release;
		};
		45E3937A2636658700409093 /* Build configuration list for PBXNativeTarget "GuidomiaApp" */ = {
			isa = XCConfigurationList;
			buildConfigurations = (
				45E3937B2636658700409093 /* Debug */,
				45E3937C2636658700409093 /* Release */,
			);
			defaultConfigurationIsVisible = 0;
			defaultConfigurationName = Release;
		};
		45E3937D2636658700409093 /* Build configuration list for PBXNativeTarget "GuidomiaAppTests" */ = {
			isa = XCConfigurationList;
			buildConfigurations = (
				45E3937E2636658700409093 /* Debug */,
				45E3937F2636658700409093 /* Release */,
			);
			defaultConfigurationIsVisible = 0;
			defaultConfigurationName = Release;
		};
		45E393802636658700409093 /* Build configuration list for PBXNativeTarget "GuidomiaAppUITests" */ = {
			isa = XCConfigurationList;
			buildConfigurations = (
				45E393812636658700409093 /* Debug */,
				45E393822636658700409093 /* Release */,
			);
			defaultConfigurationIsVisible = 0;
			defaultConfigurationName = Release;
		};
/* End XCConfigurationList section */

/* Begin XCVersionGroup section */
		45E393592636658600409093 /* GuidomiaApp.xcdatamodeld */ = {
			isa = XCVersionGroup;
			children = (
				45E3935A2636658600409093 /* GuidomiaApp.xcdatamodel */,
			);
			currentVersion = 45E3935A2636658600409093 /* GuidomiaApp.xcdatamodel */;
			path = GuidomiaApp.xcdatamodeld;
			sourceTree = "<group>";
			versionGroupType = wrapper.xcdatamodel;
		};
/* End XCVersionGroup section */
	};
	rootObject = 45E393452636658600409093 /* Project object */;
}
